
Microsoft Visual Studio Solution File, Format Version 12.00
# Visual Studio Version 17
VisualStudioVersion = 17.0.32014.148
MinimumVisualStudioVersion = 10.0.40219.1
Project("{00D1A9C2-B5F0-4AF3-8072-F6C62B433612}") = "TemporalTableTest.Database", "TemporalTableTest\TemporalTableTest.Database.sqlproj", "{0D82C5F5-2A92-42B4-AF95-2E98A46717C5}"
EndProject
Project("{9A19103F-16F7-4668-BE54-9A1E7A4F7556}") = "TemporalTableTestApp", "TemporalTableTestApp\TemporalTableTestApp.csproj", "{E5FD7B98-685B-4E41-A0CF-4058BC4C4B48}"
EndProject
Project("{2150E333-8FDC-42A3-9474-1A3956D46DE8}") = "Solution Items", "Solution Items", "{5399FBA1-B6F8-4C3B-81D9-453603D98C0F}"
	ProjectSection(SolutionItems) = preProject
		.editorconfig = .editorconfig
	EndProjectSection
EndProject
Global
	GlobalSection(SolutionConfigurationPlatforms) = preSolution
		Debug|Any CPU = Debug|Any CPU
		Release|Any CPU = Release|Any CPU
	EndGlobalSection
	GlobalSection(ProjectConfigurationPlatforms) = postSolution
		{0D82C5F5-2A92-42B4-AF95-2E98A46717C5}.Debug|Any CPU.ActiveCfg = Debug|Any CPU
		{0D82C5F5-2A92-42B4-AF95-2E98A46717C5}.Debug|Any CPU.Build.0 = Debug|Any CPU
		{0D82C5F5-2A92-42B4-AF95-2E98A46717C5}.Debug|Any CPU.Deploy.0 = Debug|Any CPU
		{0D82C5F5-2A92-42B4-AF95-2E98A46717C5}.Release|Any CPU.ActiveCfg = Release|Any CPU
		{0D82C5F5-2A92-42B4-AF95-2E98A46717C5}.Release|Any CPU.Build.0 = Release|Any CPU
		{0D82C5F5-2A92-42B4-AF95-2E98A46717C5}.Release|Any CPU.Deploy.0 = Release|Any CPU
		{E5FD7B98-685B-4E41-A0CF-4058BC4C4B48}.Debug|Any CPU.ActiveCfg = Debug|Any CPU
		{E5FD7B98-685B-4E41-A0CF-4058BC4C4B48}.Debug|Any CPU.Build.0 = Debug|Any CPU
		{E5FD7B98-685B-4E41-A0CF-4058BC4C4B48}.Release|Any CPU.ActiveCfg = Release|Any CPU
		{E5FD7B98-685B-4E41-A0CF-4058BC4C4B48}.Release|Any CPU.Build.0 = Release|Any CPU
	EndGlobalSection
	GlobalSection(SolutionProperties) = preSolution
		HideSolutionNode = FALSE
	EndGlobalSection
	GlobalSection(ExtensibilityGlobals) = postSolution
		SolutionGuid = {812809AD-4161-40FC-A64F-93A9752215CB}
	EndGlobalSection
EndGlobal
